// !$*UTF8*$!
{
	archiveVersion = 1;
	classes = {
	};
	objectVersion = 46;
	objects = {

/* Begin PBXBuildFile section */
		8A6B698A1A6D96400008D4A0 /* AppDelegate.swift in Sources */ = {isa = PBXBuildFile; fileRef = 8A6B69891A6D96400008D4A0 /* AppDelegate.swift */; };
		8A6B698C1A6D96400008D4A0 /* ViewController.swift in Sources */ = {isa = PBXBuildFile; fileRef = 8A6B698B1A6D96400008D4A0 /* ViewController.swift */; };
		8A6B698F1A6D96400008D4A0 /* Main.storyboard in Resources */ = {isa = PBXBuildFile; fileRef = 8A6B698D1A6D96400008D4A0 /* Main.storyboard */; };
		8A6B69911A6D96400008D4A0 /* Images.xcassets in Resources */ = {isa = PBXBuildFile; fileRef = 8A6B69901A6D96400008D4A0 /* Images.xcassets */; };
		8A6B69941A6D96400008D4A0 /* LaunchScreen.xib in Resources */ = {isa = PBXBuildFile; fileRef = 8A6B69921A6D96400008D4A0 /* LaunchScreen.xib */; };
		8A6B69A01A6D96400008D4A0 /* blac_a1Tests.swift in Sources */ = {isa = PBXBuildFile; fileRef = 8A6B699F1A6D96400008D4A0 /* blac_a1Tests.swift */; };
		8A6B69AB1A6D99600008D4A0 /* quinton_black.jpg in Resources */ = {isa = PBXBuildFile; fileRef = 8A6B69AA1A6D99600008D4A0 /* quinton_black.jpg */; };
		8A6B69AE1A6D9CBC0008D4A0 /* blue-frog.jpg in Resources */ = {isa = PBXBuildFile; fileRef = 8A6B69AC1A6D9CBC0008D4A0 /* blue-frog.jpg */; };
		8A6B69AF1A6D9CBC0008D4A0 /* wlulogo.jpg in Resources */ = {isa = PBXBuildFile; fileRef = 8A6B69AD1A6D9CBC0008D4A0 /* wlulogo.jpg */; };
/* End PBXBuildFile section */

/* Begin PBXContainerItemProxy section */
		8A6B699A1A6D96400008D4A0 /* PBXContainerItemProxy */ = {
			isa = PBXContainerItemProxy;
			containerPortal = 8A6B697C1A6D96400008D4A0 /* Project object */;
			proxyType = 1;
			remoteGlobalIDString = 8A6B69831A6D96400008D4A0;
			remoteInfo = blac_a1;
		};
/* End PBXContainerItemProxy section */

/* Begin PBXFileReference section */
		8A6B69841A6D96400008D4A0 /* blac_a1.app */ = {isa = PBXFileReference; explicitFileType = wrapper.application; includeInIndex = 0; path = blac_a1.app; sourceTree = BUILT_PRODUCTS_DIR; };
		8A6B69881A6D96400008D4A0 /* Info.plist */ = {isa = PBXFileReference; lastKnownFileType = text.plist.xml; path = Info.plist; sourceTree = "<group>"; };
		8A6B69891A6D96400008D4A0 /* AppDelegate.swift */ = {isa = PBXFileReference; lastKnownFileType = sourcecode.swift; path = AppDelegate.swift; sourceTree = "<group>"; };
		8A6B698B1A6D96400008D4A0 /* ViewController.swift */ = {isa = PBXFileReference; lastKnownFileType = sourcecode.swift; path = ViewController.swift; sourceTree = "<group>"; };
		8A6B698E1A6D96400008D4A0 /* Base */ = {isa = PBXFileReference; lastKnownFileType = file.storyboard; name = Base; path = Base.lproj/Main.storyboard; sourceTree = "<group>"; };
		8A6B69901A6D96400008D4A0 /* Images.xcassets */ = {isa = PBXFileReference; lastKnownFileType = folder.assetcatalog; path = Images.xcassets; sourceTree = "<group>"; };
		8A6B69931A6D96400008D4A0 /* Base */ = {isa = PBXFileReference; lastKnownFileType = file.xib; name = Base; path = Base.lproj/LaunchScreen.xib; sourceTree = "<group>"; };
		8A6B69991A6D96400008D4A0 /* blac_a1Tests.xctest */ = {isa = PBXFileReference; explicitFileType = wrapper.cfbundle; includeInIndex = 0; path = blac_a1Tests.xctest; sourceTree = BUILT_PRODUCTS_DIR; };
		8A6B699E1A6D96400008D4A0 /* Info.plist */ = {isa = PBXFileReference; lastKnownFileType = text.plist.xml; path = Info.plist; sourceTree = "<group>"; };
		8A6B699F1A6D96400008D4A0 /* blac_a1Tests.swift */ = {isa = PBXFileReference; lastKnownFileType = sourcecode.swift; path = blac_a1Tests.swift; sourceTree = "<group>"; };
		8A6B69AA1A6D99600008D4A0 /* quinton_black.jpg */ = {isa = PBXFileReference; lastKnownFileType = image.jpeg; path = quinton_black.jpg; sourceTree = "<group>"; };
		8A6B69AC1A6D9CBC0008D4A0 /* blue-frog.jpg */ = {isa = PBXFileReference; lastKnownFileType = image.jpeg; path = "blue-frog.jpg"; sourceTree = "<group>"; };
		8A6B69AD1A6D9CBC0008D4A0 /* wlulogo.jpg */ = {isa = PBXFileReference; lastKnownFileType = image.jpeg; path = wlulogo.jpg; sourceTree = "<group>"; };
/* End PBXFileReference section */

/* Begin PBXFrameworksBuildPhase section */
		8A6B69811A6D96400008D4A0 /* Frameworks */ = {
			isa = PBXFrameworksBuildPhase;
			buildActionMask = 2147483647;
			files = (
			);
			runOnlyForDeploymentPostprocessing = 0;
		};
		8A6B69961A6D96400008D4A0 /* Frameworks */ = {
			isa = PBXFrameworksBuildPhase;
			buildActionMask = 2147483647;
			files = (
			);
			runOnlyForDeploymentPostprocessing = 0;
		};
/* End PBXFrameworksBuildPhase section */

/* Begin PBXGroup section */
		8A6B697B1A6D96400008D4A0 = {
			isa = PBXGroup;
			children = (
				8A6B69861A6D96400008D4A0 /* blac_a1 */,
				8A6B699C1A6D96400008D4A0 /* blac_a1Tests */,
				8A6B69851A6D96400008D4A0 /* Products */,
			);
			sourceTree = "<group>";
		};
		8A6B69851A6D96400008D4A0 /* Products */ = {
			isa = PBXGroup;
			children = (
				8A6B69841A6D96400008D4A0 /* blac_a1.app */,
				8A6B69991A6D96400008D4A0 /* blac_a1Tests.xctest */,
			);
			name = Products;
			sourceTree = "<group>";
		};
		8A6B69861A6D96400008D4A0 /* blac_a1 */ = {
			isa = PBXGroup;
			children = (
				8A6B69A91A6D99600008D4A0 /* images */,
				8A6B69891A6D96400008D4A0 /* AppDelegate.swift */,
				8A6B698B1A6D96400008D4A0 /* ViewController.swift */,
				8A6B698D1A6D96400008D4A0 /* Main.storyboard */,
				8A6B69901A6D96400008D4A0 /* Images.xcassets */,
				8A6B69921A6D96400008D4A0 /* LaunchScreen.xib */,
				8A6B69871A6D96400008D4A0 /* Supporting Files */,
			);
			path = blac_a1;
			sourceTree = "<group>";
		};
		8A6B69871A6D96400008D4A0 /* Supporting Files */ = {
			isa = PBXGroup;
			children = (
				8A6B69881A6D96400008D4A0 /* Info.plist */,
			);
			name = "Supporting Files";
			sourceTree = "<group>";
		};
		8A6B699C1A6D96400008D4A0 /* blac_a1Tests */ = {
			isa = PBXGroup;
			children = (
				8A6B699F1A6D96400008D4A0 /* blac_a1Tests.swift */,
				8A6B699D1A6D96400008D4A0 /* Supporting Files */,
			);
			path = blac_a1Tests;
			sourceTree = "<group>";
		};
		8A6B699D1A6D96400008D4A0 /* Supporting Files */ = {
			isa = PBXGroup;
			children = (
				8A6B699E1A6D96400008D4A0 /* Info.plist */,
			);
			name = "Supporting Files";
			sourceTree = "<group>";
		};
		8A6B69A91A6D99600008D4A0 /* images */ = {
			isa = PBXGroup;
			children = (
				8A6B69AC1A6D9CBC0008D4A0 /* blue-frog.jpg */,
				8A6B69AD1A6D9CBC0008D4A0 /* wlulogo.jpg */,
				8A6B69AA1A6D99600008D4A0 /* quinton_black.jpg */,
			);
			path = images;
			sourceTree = "<group>";
		};
/* End PBXGroup section */

/* Begin PBXNativeTarget section */
		8A6B69831A6D96400008D4A0 /* blac_a1 */ = {
			isa = PBXNativeTarget;
			buildConfigurationList = 8A6B69A31A6D96400008D4A0 /* Build configuration list for PBXNativeTarget "blac_a1" */;
			buildPhases = (
				8A6B69801A6D96400008D4A0 /* Sources */,
				8A6B69811A6D96400008D4A0 /* Frameworks */,
				8A6B69821A6D96400008D4A0 /* Resources */,
			);
			buildRules = (
			);
			dependencies = (
			);
			name = blac_a1;
			productName = blac_a1;
			productReference = 8A6B69841A6D96400008D4A0 /* blac_a1.app */;
			productType = "com.apple.product-type.application";
		};
		8A6B69981A6D96400008D4A0 /* blac_a1Tests */ = {
			isa = PBXNativeTarget;
			buildConfigurationList = 8A6B69A61A6D96400008D4A0 /* Build configuration list for PBXNativeTarget "blac_a1Tests" */;
			buildPhases = (
				8A6B69951A6D96400008D4A0 /* Sources */,
				8A6B69961A6D96400008D4A0 /* Frameworks */,
				8A6B69971A6D96400008D4A0 /* Resources */,
			);
			buildRules = (
			);
			dependencies = (
				8A6B699B1A6D96400008D4A0 /* PBXTargetDependency */,
			);
			name = blac_a1Tests;
			productName = blac_a1Tests;
			productReference = 8A6B69991A6D96400008D4A0 /* blac_a1Tests.xctest */;
			productType = "com.apple.product-type.bundle.unit-test";
		};
/* End PBXNativeTarget section */

/* Begin PBXProject section */
		8A6B697C1A6D96400008D4A0 /* Project object */ = {
			isa = PBXProject;
			attributes = {
				LastUpgradeCheck = 0610;
				ORGANIZATIONNAME = "Quinton Black";
				TargetAttributes = {
					8A6B69831A6D96400008D4A0 = {
						CreatedOnToolsVersion = 6.1.1;
					};
					8A6B69981A6D96400008D4A0 = {
						CreatedOnToolsVersion = 6.1.1;
						TestTargetID = 8A6B69831A6D96400008D4A0;
					};
				};
			};
			buildConfigurationList = 8A6B697F1A6D96400008D4A0 /* Build configuration list for PBXProject "blac_a1" */;
			compatibilityVersion = "Xcode 3.2";
			developmentRegion = English;
			hasScannedForEncodings = 0;
			knownRegions = (
				en,
				Base,
			);
			mainGroup = 8A6B697B1A6D96400008D4A0;
			productRefGroup = 8A6B69851A6D96400008D4A0 /* Products */;
			projectDirPath = "";
			projectRoot = "";
			targets = (
				8A6B69831A6D96400008D4A0 /* blac_a1 */,
				8A6B69981A6D96400008D4A0 /* blac_a1Tests */,
			);
		};
/* End PBXProject section */

/* Begin PBXResourcesBuildPhase section */
		8A6B69821A6D96400008D4A0 /* Resources */ = {
			isa = PBXResourcesBuildPhase;
			buildActionMask = 2147483647;
			files = (
				8A6B698F1A6D96400008D4A0 /* Main.storyboard in Resources */,
				8A6B69AE1A6D9CBC0008D4A0 /* blue-frog.jpg in Resources */,
				8A6B69941A6D96400008D4A0 /* LaunchScreen.xib in Resources */,
				8A6B69AB1A6D99600008D4A0 /* quinton_black.jpg in Resources */,
				8A6B69911A6D96400008D4A0 /* Images.xcassets in Resources */,
				8A6B69AF1A6D9CBC0008D4A0 /* wlulogo.jpg in Resources */,
			);
			runOnlyForDeploymentPostprocessing = 0;
		};
		8A6B69971A6D96400008D4A0 /* Resources */ = {
			isa = PBXResourcesBuildPhase;
			buildActionMask = 2147483647;
			files = (
			);
			runOnlyForDeploymentPostprocessing = 0;
		};
/* End PBXResourcesBuildPhase section */

/* Begin PBXSourcesBuildPhase section */
		8A6B69801A6D96400008D4A0 /* Sources */ = {
			isa = PBXSourcesBuildPhase;
			buildActionMask = 2147483647;
			files = (
				8A6B698C1A6D96400008D4A0 /* ViewController.swift in Sources */,
				8A6B698A1A6D96400008D4A0 /* AppDelegate.swift in Sources */,
			);
			runOnlyForDeploymentPostprocessing = 0;
		};
		8A6B69951A6D96400008D4A0 /* Sources */ = {
			isa = PBXSourcesBuildPhase;
			buildActionMask = 2147483647;
			files = (
				8A6B69A01A6D96400008D4A0 /* blac_a1Tests.swift in Sources */,
			);
			runOnlyForDeploymentPostprocessing = 0;
		};
/* End PBXSourcesBuildPhase section */

/* Begin PBXTargetDependency section */
		8A6B699B1A6D96400008D4A0 /* PBXTargetDependency */ = {
			isa = PBXTargetDependency;
			target = 8A6B69831A6D96400008D4A0 /* blac_a1 */;
			targetProxy = 8A6B699A1A6D96400008D4A0 /* PBXContainerItemProxy */;
		};
/* End PBXTargetDependency section */

/* Begin PBXVariantGroup section */
		8A6B698D1A6D96400008D4A0 /* Main.storyboard */ = {
			isa = PBXVariantGroup;
			children = (
				8A6B698E1A6D96400008D4A0 /* Base */,
			);
			name = Main.storyboard;
			sourceTree = "<group>";
		};
		8A6B69921A6D96400008D4A0 /* LaunchScreen.xib */ = {
			isa = PBXVariantGroup;
			children = (
				8A6B69931A6D96400008D4A0 /* Base */,
			);
			name = LaunchScreen.xib;
			sourceTree = "<group>";
		};
/* End PBXVariantGroup section */

/* Begin XCBuildConfiguration section */
		8A6B69A11A6D96400008D4A0 /* Debug */ = {
			isa = XCBuildConfiguration;
			buildSettings = {
				ALWAYS_SEARCH_USER_PATHS = NO;
				CLANG_CXX_LANGUAGE_STANDARD = "gnu++0x";
				CLANG_CXX_LIBRARY = "libc++";
				CLANG_ENABLE_MODULES = YES;
				CLANG_ENABLE_OBJC_ARC = YES;
				CLANG_WARN_BOOL_CONVERSION = YES;
				CLANG_WARN_CONSTANT_CONVERSION = YES;
				CLANG_WARN_DIRECT_OBJC_ISA_USAGE = YES_ERROR;
				CLANG_WARN_EMPTY_BODY = YES;
				CLANG_WARN_ENUM_CONVERSION = YES;
				CLANG_WARN_INT_CONVERSION = YES;
				CLANG_WARN_OBJC_ROOT_CLASS = YES_ERROR;
				CLANG_WARN_UNREACHABLE_CODE = YES;
				CLANG_WARN__DUPLICATE_METHOD_MATCH = YES;
				"CODE_SIGN_IDENTITY[sdk=iphoneos*]" = "iPhone Developer";
				COPY_PHASE_STRIP = NO;
				ENABLE_STRICT_OBJC_MSGSEND = YES;
				GCC_C_LANGUAGE_STANDARD = gnu99;
				GCC_DYNAMIC_NO_PIC = NO;
				GCC_OPTIMIZATION_LEVEL = 0;
				GCC_PREPROCESSOR_DEFINITIONS = (
					"DEBUG=1",
					"$(inherited)",
				);
				GCC_SYMBOLS_PRIVATE_EXTERN = NO;
				GCC_WARN_64_TO_32_BIT_CONVERSION = YES;
				GCC_WARN_ABOUT_RETURN_TYPE = YES_ERROR;
				GCC_WARN_UNDECLARED_SELECTOR = YES;
				GCC_WARN_UNINITIALIZED_AUTOS = YES_AGGRESSIVE;
				GCC_WARN_UNUSED_FUNCTION = YES;
				GCC_WARN_UNUSED_VARIABLE = YES;
				IPHONEOS_DEPLOYMENT_TARGET = 8.1;
				MTL_ENABLE_DEBUG_INFO = YES;
				ONLY_ACTIVE_ARCH = YES;
				SDKROOT = iphoneos;
				SWIFT_OPTIMIZATION_LEVEL = "-Onone";
			};
			name = Debug;
		};
		8A6B69A21A6D96400008D4A0 /* Release */ = {
			isa = XCBuildConfiguration;
			buildSettings = {
				ALWAYS_SEARCH_USER_PATHS = NO;
				CLANG_CXX_LANGUAGE_STANDARD = "gnu++0x";
				CLANG_CXX_LIBRARY = "libc++";
				CLANG_ENABLE_MODULES = YES;
				CLANG_ENABLE_OBJC_ARC = YES;
				CLANG_WARN_BOOL_CONVERSION = YES;
				CLANG_WARN_CONSTANT_CONVERSION = YES;
				CLANG_WARN_DIRECT_OBJC_ISA_USAGE = YES_ERROR;
				CLANG_WARN_EMPTY_BODY = YES;
				CLANG_WARN_ENUM_CONVERSION = YES;
				CLANG_WARN_INT_CONVERSION = YES;
				CLANG_WARN_OBJC_ROOT_CLASS = YES_ERROR;
				CLANG_WARN_UNREACHABLE_CODE = YES;
				CLANG_WARN__DUPLICATE_METHOD_MATCH = YES;
				"CODE_SIGN_IDENTITY[sdk=iphoneos*]" = "iPhone Developer";
				COPY_PHASE_STRIP = YES;
				ENABLE_NS_ASSERTIONS = NO;
				ENABLE_STRICT_OBJC_MSGSEND = YES;
				GCC_C_LANGUAGE_STANDARD = gnu99;
				GCC_WARN_64_TO_32_BIT_CONVERSION = YES;
				GCC_WARN_ABOUT_RETURN_TYPE = YES_ERROR;
				GCC_WARN_UNDECLARED_SELECTOR = YES;
				GCC_WARN_UNINITIALIZED_AUTOS = YES_AGGRESSIVE;
				GCC_WARN_UNUSED_FUNCTION = YES;
				GCC_WARN_UNUSED_VARIABLE = YES;
				IPHONEOS_DEPLOYMENT_TARGET = 8.1;
				MTL_ENABLE_DEBUG_INFO = NO;
				SDKROOT = iphoneos;
				VALIDATE_PRODUCT = YES;
			};
			name = Release;
		};
		8A6B69A41A6D96400008D4A0 /* Debug */ = {
			isa = XCBuildConfiguration;
			buildSettings = {
				ASSETCATALOG_COMPILER_APPICON_NAME = AppIcon;
				INFOPLIST_FILE = blac_a1/Info.plist;
				LD_RUNPATH_SEARCH_PATHS = "$(inherited) @executable_path/Frameworks";
				PRODUCT_NAME = "$(TARGET_NAME)";
			};
			name = Debug;
		};
		8A6B69A51A6D96400008D4A0 /* Release */ = {
			isa = XCBuildConfiguration;
			buildSettings = {
				ASSETCATALOG_COMPILER_APPICON_NAME = AppIcon;
				INFOPLIST_FILE = blac_a1/Info.plist;
				LD_RUNPATH_SEARCH_PATHS = "$(inherited) @executable_path/Frameworks";
				PRODUCT_NAME = "$(TARGET_NAME)";
			};
			name = Release;
		};
		8A6B69A71A6D96400008D4A0 /* Debug */ = {
			isa = XCBuildConfiguration;
			buildSettings = {
				BUNDLE_LOADER = "$(TEST_HOST)";
				FRAMEWORK_SEARCH_PATHS = (
					"$(SDKROOT)/Developer/Library/Frameworks",
					"$(inherited)",
				);
				GCC_PREPROCESSOR_DEFINITIONS = (
					"DEBUG=1",
					"$(inherited)",
				);
				INFOPLIST_FILE = blac_a1Tests/Info.plist;
				LD_RUNPATH_SEARCH_PATHS = "$(inherited) @executable_path/Frameworks @loader_path/Frameworks";
				PRODUCT_NAME = "$(TARGET_NAME)";
				TEST_HOST = "$(BUILT_PRODUCTS_DIR)/blac_a1.app/blac_a1";
			};
			name = Debug;
		};
		8A6B69A81A6D96400008D4A0 /* Release */ = {
			isa = XCBuildConfiguration;
			buildSettings = {
				BUNDLE_LOADER = "$(TEST_HOST)";
				FRAMEWORK_SEARCH_PATHS = (
					"$(SDKROOT)/Developer/Library/Frameworks",
					"$(inherited)",
				);
				INFOPLIST_FILE = blac_a1Tests/Info.plist;
				LD_RUNPATH_SEARCH_PATHS = "$(inherited) @executable_path/Frameworks @loader_path/Frameworks";
				PRODUCT_NAME = "$(TARGET_NAME)";
				TEST_HOST = "$(BUILT_PRODUCTS_DIR)/blac_a1.app/blac_a1";
			};
			name = Release;
		};
/* End XCBuildConfiguration section */

/* Begin XCConfigurationList section */
		8A6B697F1A6D96400008D4A0 /* Build configuration list for PBXProject "blac_a1" */ = {
			isa = XCConfigurationList;
			buildConfigurations = (
				8A6B69A11A6D96400008D4A0 /* Debug */,
				8A6B69A21A6D96400008D4A0 /* Release */,
			);
			defaultConfigurationIsVisible = 0;
			defaultConfigurationName = Release;
		};
		8A6B69A31A6D96400008D4A0 /* Build configuration list for PBXNativeTarget "blac_a1" */ = {
			isa = XCConfigurationList;
			buildConfigurations = (
				8A6B69A41A6D96400008D4A0 /* Debug */,
				8A6B69A51A6D96400008D4A0 /* Release */,
			);
			defaultConfigurationIsVisible = 0;
		};
		8A6B69A61A6D96400008D4A0 /* Build configuration list for PBXNativeTarget "blac_a1Tests" */ = {
			isa = XCConfigurationList;
			buildConfigurations = (
				8A6B69A71A6D96400008D4A0 /* Debug */,
				8A6B69A81A6D96400008D4A0 /* Release */,
			);
			defaultConfigurationIsVisible = 0;
		};
/* End XCConfigurationList section */
	};
	rootObject = 8A6B697C1A6D96400008D4A0 /* Project object */;
}
